// !$*UTF8*$!
{
	archiveVersion = 1;
	classes = {
	};
	objectVersion = 56;
	objects = {

/* Begin PBXBuildFile section */
		A6B34ACE294F768000D71E82 /* PlantsScreensApp.swift in Sources */ = {isa = PBXBuildFile; fileRef = A6B34ACD294F768000D71E82 /* PlantsScreensApp.swift */; };
		A6B34AD0294F768000D71E82 /* PlantsScreen.swift in Sources */ = {isa = PBXBuildFile; fileRef = A6B34ACF294F768000D71E82 /* PlantsScreen.swift */; };
		A6B34AD2294F768100D71E82 /* PlantsAssets.xcassets in Resources */ = {isa = PBXBuildFile; fileRef = A6B34AD1294F768100D71E82 /* PlantsAssets.xcassets */; };
		A6B34AD5294F768100D71E82 /* Preview Assets.xcassets in Resources */ = {isa = PBXBuildFile; fileRef = A6B34AD4294F768100D71E82 /* Preview Assets.xcassets */; };
		A6B34ADC294F76EF00D71E82 /* Extension+Color.swift in Sources */ = {isa = PBXBuildFile; fileRef = A6B34ADB294F76EF00D71E82 /* Extension+Color.swift */; };
		A6B34ADE294F771600D71E82 /* RoundedCorner.swift in Sources */ = {isa = PBXBuildFile; fileRef = A6B34ADD294F771600D71E82 /* RoundedCorner.swift */; };
		A6B34AE0294F776300D71E82 /* PlantsMainView.swift in Sources */ = {isa = PBXBuildFile; fileRef = A6B34ADF294F776300D71E82 /* PlantsMainView.swift */; };
		A6B34AE2294F77CD00D71E82 /* PlantsPromote.swift in Sources */ = {isa = PBXBuildFile; fileRef = A6B34AE1294F77CD00D71E82 /* PlantsPromote.swift */; };
		A6B34AE4294F780F00D71E82 /* PlantsDetails.swift in Sources */ = {isa = PBXBuildFile; fileRef = A6B34AE3294F780F00D71E82 /* PlantsDetails.swift */; };
		A6B34AE6294F785700D71E82 /* PlantsListCategory.swift in Sources */ = {isa = PBXBuildFile; fileRef = A6B34AE5294F785700D71E82 /* PlantsListCategory.swift */; };
		A6B34AE8294F78B500D71E82 /* PlantsBox.swift in Sources */ = {isa = PBXBuildFile; fileRef = A6B34AE7294F78B500D71E82 /* PlantsBox.swift */; };
		A6B34AEA294F795D00D71E82 /* PlantProfile.swift in Sources */ = {isa = PBXBuildFile; fileRef = A6B34AE9294F795D00D71E82 /* PlantProfile.swift */; };
/* End PBXBuildFile section */

/* Begin PBXFileReference section */
		A6B34ACA294F768000D71E82 /* PlantsScreens.app */ = {isa = PBXFileReference; explicitFileType = wrapper.application; includeInIndex = 0; path = PlantsScreens.app; sourceTree = BUILT_PRODUCTS_DIR; };
		A6B34ACD294F768000D71E82 /* PlantsScreensApp.swift */ = {isa = PBXFileReference; lastKnownFileType = sourcecode.swift; path = PlantsScreensApp.swift; sourceTree = "<group>"; };
		A6B34ACF294F768000D71E82 /* PlantsScreen.swift */ = {isa = PBXFileReference; lastKnownFileType = sourcecode.swift; path = PlantsScreen.swift; sourceTree = "<group>"; };
		A6B34AD1294F768100D71E82 /* PlantsAssets.xcassets */ = {isa = PBXFileReference; lastKnownFileType = folder.assetcatalog; path = PlantsAssets.xcassets; sourceTree = "<group>"; };
		A6B34AD4294F768100D71E82 /* Preview Assets.xcassets */ = {isa = PBXFileReference; lastKnownFileType = folder.assetcatalog; path = "Preview Assets.xcassets"; sourceTree = "<group>"; };
		A6B34ADB294F76EF00D71E82 /* Extension+Color.swift */ = {isa = PBXFileReference; lastKnownFileType = sourcecode.swift; path = "Extension+Color.swift"; sourceTree = "<group>"; };
		A6B34ADD294F771600D71E82 /* RoundedCorner.swift */ = {isa = PBXFileReference; lastKnownFileType = sourcecode.swift; path = RoundedCorner.swift; sourceTree = "<group>"; };
		A6B34ADF294F776300D71E82 /* PlantsMainView.swift */ = {isa = PBXFileReference; lastKnownFileType = sourcecode.swift; path = PlantsMainView.swift; sourceTree = "<group>"; };
		A6B34AE1294F77CD00D71E82 /* PlantsPromote.swift */ = {isa = PBXFileReference; lastKnownFileType = sourcecode.swift; path = PlantsPromote.swift; sourceTree = "<group>"; };
		A6B34AE3294F780F00D71E82 /* PlantsDetails.swift */ = {isa = PBXFileReference; lastKnownFileType = sourcecode.swift; path = PlantsDetails.swift; sourceTree = "<group>"; };
		A6B34AE5294F785700D71E82 /* PlantsListCategory.swift */ = {isa = PBXFileReference; lastKnownFileType = sourcecode.swift; path = PlantsListCategory.swift; sourceTree = "<group>"; };
		A6B34AE7294F78B500D71E82 /* PlantsBox.swift */ = {isa = PBXFileReference; lastKnownFileType = sourcecode.swift; path = PlantsBox.swift; sourceTree = "<group>"; };
		A6B34AE9294F795D00D71E82 /* PlantProfile.swift */ = {isa = PBXFileReference; lastKnownFileType = sourcecode.swift; path = PlantProfile.swift; sourceTree = "<group>"; };
/* End PBXFileReference section */

/* Begin PBXFrameworksBuildPhase section */
		A6B34AC7294F768000D71E82 /* Frameworks */ = {
			isa = PBXFrameworksBuildPhase;
			buildActionMask = 2147483647;
			files = (
			);
			runOnlyForDeploymentPostprocessing = 0;
		};
/* End PBXFrameworksBuildPhase section */

/* Begin PBXGroup section */
		A6B34AC1294F768000D71E82 = {
			isa = PBXGroup;
			children = (
				A6B34ACC294F768000D71E82 /* PlantsScreens */,
				A6B34ACB294F768000D71E82 /* Products */,
			);
			sourceTree = "<group>";
		};
		A6B34ACB294F768000D71E82 /* Products */ = {
			isa = PBXGroup;
			children = (
				A6B34ACA294F768000D71E82 /* PlantsScreens.app */,
			);
			name = Products;
			sourceTree = "<group>";
		};
		A6B34ACC294F768000D71E82 /* PlantsScreens */ = {
			isa = PBXGroup;
			children = (
				A6B34ACD294F768000D71E82 /* PlantsScreensApp.swift */,
				A6B34ACF294F768000D71E82 /* PlantsScreen.swift */,
				A6B34AD1294F768100D71E82 /* PlantsAssets.xcassets */,
				A6B34AD3294F768100D71E82 /* Preview Content */,
				A6B34B062950365F00D71E82 /* PlantsExtension+Color */,
				A6B34ADF294F776300D71E82 /* PlantsMainView.swift */,
				A6B34AE1294F77CD00D71E82 /* PlantsPromote.swift */,
				A6B34AE3294F780F00D71E82 /* PlantsDetails.swift */,
				A6B34AE5294F785700D71E82 /* PlantsListCategory.swift */,
				A6B34AE7294F78B500D71E82 /* PlantsBox.swift */,
				A6B34AE9294F795D00D71E82 /* PlantProfile.swift */,
			);
			path = PlantsScreens;
			sourceTree = "<group>";
		};
		A6B34AD3294F768100D71E82 /* Preview Content */ = {
			isa = PBXGroup;
			children = (
				A6B34AD4294F768100D71E82 /* Preview Assets.xcassets */,
			);
			path = "Preview Content";
			sourceTree = "<group>";
		};
		A6B34B062950365F00D71E82 /* PlantsExtension+Color */ = {
			isa = PBXGroup;
			children = (
				A6B34ADD294F771600D71E82 /* RoundedCorner.swift */,
				A6B34ADB294F76EF00D71E82 /* Extension+Color.swift */,
			);
			path = "PlantsExtension+Color";
			sourceTree = "<group>";
		};
/* End PBXGroup section */

/* Begin PBXNativeTarget section */
		A6B34AC9294F768000D71E82 /* PlantsScreens */ = {
			isa = PBXNativeTarget;
			buildConfigurationList = A6B34AD8294F768100D71E82 /* Build configuration list for PBXNativeTarget "PlantsScreens" */;
			buildPhases = (
				A6B34AC6294F768000D71E82 /* Sources */,
				A6B34AC7294F768000D71E82 /* Frameworks */,
				A6B34AC8294F768000D71E82 /* Resources */,
			);
			buildRules = (
			);
			dependencies = (
			);
			name = PlantsScreens;
			productName = screenplant2;
			productReference = A6B34ACA294F768000D71E82 /* PlantsScreens.app */;
			productType = "com.apple.product-type.application";
		};
/* End PBXNativeTarget section */

/* Begin PBXProject section */
		A6B34AC2294F768000D71E82 /* Project object */ = {
			isa = PBXProject;
			attributes = {
				BuildIndependentTargetsInParallel = 1;
				LastSwiftUpdateCheck = 1410;
				LastUpgradeCheck = 1410;
				TargetAttributes = {
					A6B34AC9294F768000D71E82 = {
						CreatedOnToolsVersion = 14.1;
					};
				};
			};
			buildConfigurationList = A6B34AC5294F768000D71E82 /* Build configuration list for PBXProject "PlantsScreens" */;
			compatibilityVersion = "Xcode 14.0";
			developmentRegion = en;
			hasScannedForEncodings = 0;
			knownRegions = (
				en,
				Base,
			);
			mainGroup = A6B34AC1294F768000D71E82;
			productRefGroup = A6B34ACB294F768000D71E82 /* Products */;
			projectDirPath = "";
			projectRoot = "";
			targets = (
				A6B34AC9294F768000D71E82 /* PlantsScreens */,
			);
		};
/* End PBXProject section */

/* Begin PBXResourcesBuildPhase section */
		A6B34AC8294F768000D71E82 /* Resources */ = {
			isa = PBXResourcesBuildPhase;
			buildActionMask = 2147483647;
			files = (
				A6B34AD5294F768100D71E82 /* Preview Assets.xcassets in Resources */,
				A6B34AD2294F768100D71E82 /* PlantsAssets.xcassets in Resources */,
			);
			runOnlyForDeploymentPostprocessing = 0;
		};
/* End PBXResourcesBuildPhase section */

/* Begin PBXSourcesBuildPhase section */
		A6B34AC6294F768000D71E82 /* Sources */ = {
			isa = PBXSourcesBuildPhase;
			buildActionMask = 2147483647;
			files = (
				A6B34AE8294F78B500D71E82 /* PlantsBox.swift in Sources */,
				A6B34AE2294F77CD00D71E82 /* PlantsPromote.swift in Sources */,
				A6B34ADE294F771600D71E82 /* RoundedCorner.swift in Sources */,
				A6B34AD0294F768000D71E82 /* PlantsScreen.swift in Sources */,
				A6B34ADC294F76EF00D71E82 /* Extension+Color.swift in Sources */,
				A6B34AE0294F776300D71E82 /* PlantsMainView.swift in Sources */,
				A6B34ACE294F768000D71E82 /* PlantsScreensApp.swift in Sources */,
				A6B34AEA294F795D00D71E82 /* PlantProfile.swift in Sources */,
				A6B34AE4294F780F00D71E82 /* PlantsDetails.swift in Sources */,
				A6B34AE6294F785700D71E82 /* PlantsListCategory.swift in Sources */,
			);
			runOnlyForDeploymentPostprocessing = 0;
		};
/* End PBXSourcesBuildPhase section */

/* Begin XCBuildConfiguration section */
		A6B34AD6294F768100D71E82 /* Debug */ = {
			isa = XCBuildConfiguration;
			buildSettings = {
				ALWAYS_SEARCH_USER_PATHS = NO;
				CLANG_ANALYZER_NONNULL = YES;
				CLANG_ANALYZER_NUMBER_OBJECT_CONVERSION = YES_AGGRESSIVE;
				CLANG_CXX_LANGUAGE_STANDARD = "gnu++20";
				CLANG_ENABLE_MODULES = YES;
				CLANG_ENABLE_OBJC_ARC = YES;
				CLANG_ENABLE_OBJC_WEAK = YES;
				CLANG_WARN_BLOCK_CAPTURE_AUTORELEASING = YES;
				CLANG_WARN_BOOL_CONVERSION = YES;
				CLANG_WARN_COMMA = YES;
				CLANG_WARN_CONSTANT_CONVERSION = YES;
				CLANG_WARN_DEPRECATED_OBJC_IMPLEMENTATIONS = YES;
				CLANG_WARN_DIRECT_OBJC_ISA_USAGE = YES_ERROR;
				CLANG_WARN_DOCUMENTATION_COMMENTS = YES;
				CLANG_WARN_EMPTY_BODY = YES;
				CLANG_WARN_ENUM_CONVERSION = YES;
				CLANG_WARN_INFINITE_RECURSION = YES;
				CLANG_WARN_INT_CONVERSION = YES;
				CLANG_WARN_NON_LITERAL_NULL_CONVERSION = YES;
				CLANG_WARN_OBJC_IMPLICIT_RETAIN_SELF = YES;
				CLANG_WARN_OBJC_LITERAL_CONVERSION = YES;
				CLANG_WARN_OBJC_ROOT_CLASS = YES_ERROR;
				CLANG_WARN_QUOTED_INCLUDE_IN_FRAMEWORK_HEADER = YES;
				CLANG_WARN_RANGE_LOOP_ANALYSIS = YES;
				CLANG_WARN_STRICT_PROTOTYPES = YES;
				CLANG_WARN_SUSPICIOUS_MOVE = YES;
				CLANG_WARN_UNGUARDED_AVAILABILITY = YES_AGGRESSIVE;
				CLANG_WARN_UNREACHABLE_CODE = YES;
				CLANG_WARN__DUPLICATE_METHOD_MATCH = YES;
				COPY_PHASE_STRIP = NO;
				DEBUG_INFORMATION_FORMAT = dwarf;
				ENABLE_STRICT_OBJC_MSGSEND = YES;
				ENABLE_TESTABILITY = YES;
				GCC_C_LANGUAGE_STANDARD = gnu11;
				GCC_DYNAMIC_NO_PIC = NO;
				GCC_NO_COMMON_BLOCKS = YES;
				GCC_OPTIMIZATION_LEVEL = 0;
				GCC_PREPROCESSOR_DEFINITIONS = (
					"DEBUG=1",
					"$(inherited)",
				);
				GCC_WARN_64_TO_32_BIT_CONVERSION = YES;
				GCC_WARN_ABOUT_RETURN_TYPE = YES_ERROR;
				GCC_WARN_UNDECLARED_SELECTOR = YES;
				GCC_WARN_UNINITIALIZED_AUTOS = YES_AGGRESSIVE;
				GCC_WARN_UNUSED_FUNCTION = YES;
				GCC_WARN_UNUSED_VARIABLE = YES;
				IPHONEOS_DEPLOYMENT_TARGET = 16.1;
				MTL_ENABLE_DEBUG_INFO = INCLUDE_SOURCE;
				MTL_FAST_MATH = YES;
				ONLY_ACTIVE_ARCH = YES;
				SDKROOT = iphoneos;
				SWIFT_ACTIVE_COMPILATION_CONDITIONS = DEBUG;
				SWIFT_OPTIMIZATION_LEVEL = "-Onone";
			};
			name = Debug;
		};
		A6B34AD7294F768100D71E82 /* Release */ = {
			isa = XCBuildConfiguration;
			buildSettings = {
				ALWAYS_SEARCH_USER_PATHS = NO;
				CLANG_ANALYZER_NONNULL = YES;
				CLANG_ANALYZER_NUMBER_OBJECT_CONVERSION = YES_AGGRESSIVE;
				CLANG_CXX_LANGUAGE_STANDARD = "gnu++20";
				CLANG_ENABLE_MODULES = YES;
				CLANG_ENABLE_OBJC_ARC = YES;
				CLANG_ENABLE_OBJC_WEAK = YES;
				CLANG_WARN_BLOCK_CAPTURE_AUTORELEASING = YES;
				CLANG_WARN_BOOL_CONVERSION = YES;
				CLANG_WARN_COMMA = YES;
				CLANG_WARN_CONSTANT_CONVERSION = YES;
				CLANG_WARN_DEPRECATED_OBJC_IMPLEMENTATIONS = YES;
				CLANG_WARN_DIRECT_OBJC_ISA_USAGE = YES_ERROR;
				CLANG_WARN_DOCUMENTATION_COMMENTS = YES;
				CLANG_WARN_EMPTY_BODY = YES;
				CLANG_WARN_ENUM_CONVERSION = YES;
				CLANG_WARN_INFINITE_RECURSION = YES;
				CLANG_WARN_INT_CONVERSION = YES;
				CLANG_WARN_NON_LITERAL_NULL_CONVERSION = YES;
				CLANG_WARN_OBJC_IMPLICIT_RETAIN_SELF = YES;
				CLANG_WARN_OBJC_LITERAL_CONVERSION = YES;
				CLANG_WARN_OBJC_ROOT_CLASS = YES_ERROR;
				CLANG_WARN_QUOTED_INCLUDE_IN_FRAMEWORK_HEADER = YES;
				CLANG_WARN_RANGE_LOOP_ANALYSIS = YES;
				CLANG_WARN_STRICT_PROTOTYPES = YES;
				CLANG_WARN_SUSPICIOUS_MOVE = YES;
				CLANG_WARN_UNGUARDED_AVAILABILITY = YES_AGGRESSIVE;
				CLANG_WARN_UNREACHABLE_CODE = YES;
				CLANG_WARN__DUPLICATE_METHOD_MATCH = YES;
				COPY_PHASE_STRIP = NO;
				DEBUG_INFORMATION_FORMAT = "dwarf-with-dsym";
				ENABLE_NS_ASSERTIONS = NO;
				ENABLE_STRICT_OBJC_MSGSEND = YES;
				GCC_C_LANGUAGE_STANDARD = gnu11;
				GCC_NO_COMMON_BLOCKS = YES;
				GCC_WARN_64_TO_32_BIT_CONVERSION = YES;
				GCC_WARN_ABOUT_RETURN_TYPE = YES_ERROR;
				GCC_WARN_UNDECLARED_SELECTOR = YES;
				GCC_WARN_UNINITIALIZED_AUTOS = YES_AGGRESSIVE;
				GCC_WARN_UNUSED_FUNCTION = YES;
				GCC_WARN_UNUSED_VARIABLE = YES;
				IPHONEOS_DEPLOYMENT_TARGET = 16.1;
				MTL_ENABLE_DEBUG_INFO = NO;
				MTL_FAST_MATH = YES;
				SDKROOT = iphoneos;
				SWIFT_COMPILATION_MODE = wholemodule;
				SWIFT_OPTIMIZATION_LEVEL = "-O";
				VALIDATE_PRODUCT = YES;
			};
			name = Release;
		};
		A6B34AD9294F768100D71E82 /* Debug */ = {
			isa = XCBuildConfiguration;
			buildSettings = {
				ASSETCATALOG_COMPILER_APPICON_NAME = AppIcon;
				ASSETCATALOG_COMPILER_GLOBAL_ACCENT_COLOR_NAME = AccentColor;
				CODE_SIGN_STYLE = Automatic;
				CURRENT_PROJECT_VERSION = 1;
				DEVELOPMENT_ASSET_PATHS = "\"PlantsScreens/Preview Content\"";
				DEVELOPMENT_TEAM = K386L868MY;
				ENABLE_PREVIEWS = YES;
				GENERATE_INFOPLIST_FILE = YES;
				INFOPLIST_KEY_UIApplicationSceneManifest_Generation = YES;
				INFOPLIST_KEY_UIApplicationSupportsIndirectInputEvents = YES;
				INFOPLIST_KEY_UILaunchScreen_Generation = YES;
				INFOPLIST_KEY_UISupportedInterfaceOrientations_iPad = "UIInterfaceOrientationPortrait UIInterfaceOrientationPortraitUpsideDown UIInterfaceOrientationLandscapeLeft UIInterfaceOrientationLandscapeRight";
				INFOPLIST_KEY_UISupportedInterfaceOrientations_iPhone = "UIInterfaceOrientationPortrait UIInterfaceOrientationLandscapeLeft UIInterfaceOrientationLandscapeRight";
				LD_RUNPATH_SEARCH_PATHS = (
					"$(inherited)",
					"@executable_path/Frameworks",
				);
				MARKETING_VERSION = 1.0;
				PRODUCT_BUNDLE_IDENTIFIER = example.com.screenplant2;
				PRODUCT_NAME = "$(TARGET_NAME)";
				SWIFT_EMIT_LOC_STRINGS = YES;
				SWIFT_VERSION = 5.0;
				TARGETED_DEVICE_FAMILY = "1,2";
			};
			name = Debug;
		};
		A6B34ADA294F768100D71E82 /* Release */ = {
			isa = XCBuildConfiguration;
			buildSettings = {
				ASSETCATALOG_COMPILER_APPICON_NAME = AppIcon;
				ASSETCATALOG_COMPILER_GLOBAL_ACCENT_COLOR_NAME = AccentColor;
				CODE_SIGN_STYLE = Automatic;
				CURRENT_PROJECT_VERSION = 1;
				DEVELOPMENT_ASSET_PATHS = "\"PlantsScreens/Preview Content\"";
				DEVELOPMENT_TEAM = K386L868MY;
				ENABLE_PREVIEWS = YES;
				GENERATE_INFOPLIST_FILE = YES;
				INFOPLIST_KEY_UIApplicationSceneManifest_Generation = YES;
				INFOPLIST_KEY_UIApplicationSupportsIndirectInputEvents = YES;
				INFOPLIST_KEY_UILaunchScreen_Generation = YES;
				INFOPLIST_KEY_UISupportedInterfaceOrientations_iPad = "UIInterfaceOrientationPortrait UIInterfaceOrientationPortraitUpsideDown UIInterfaceOrientationLandscapeLeft UIInterfaceOrientationLandscapeRight";
				INFOPLIST_KEY_UISupportedInterfaceOrientations_iPhone = "UIInterfaceOrientationPortrait UIInterfaceOrientationLandscapeLeft UIInterfaceOrientationLandscapeRight";
				LD_RUNPATH_SEARCH_PATHS = (
					"$(inherited)",
					"@executable_path/Frameworks",
				);
				MARKETING_VERSION = 1.0;
				PRODUCT_BUNDLE_IDENTIFIER = example.com.screenplant2;
				PRODUCT_NAME = "$(TARGET_NAME)";
				SWIFT_EMIT_LOC_STRINGS = YES;
				SWIFT_VERSION = 5.0;
				TARGETED_DEVICE_FAMILY = "1,2";
			};
			name = Release;
		};
/* End XCBuildConfiguration section */

/* Begin XCConfigurationList section */
		A6B34AC5294F768000D71E82 /* Build configuration list for PBXProject "PlantsScreens" */ = {
			isa = XCConfigurationList;
			buildConfigurations = (
				A6B34AD6294F768100D71E82 /* Debug */,
				A6B34AD7294F768100D71E82 /* Release */,
			);
			defaultConfigurationIsVisible = 0;
			defaultConfigurationName = Release;
		};
		A6B34AD8294F768100D71E82 /* Build configuration list for PBXNativeTarget "PlantsScreens" */ = {
			isa = XCConfigurationList;
			buildConfigurations = (
				A6B34AD9294F768100D71E82 /* Debug */,
				A6B34ADA294F768100D71E82 /* Release */,
			);
			defaultConfigurationIsVisible = 0;
			defaultConfigurationName = Release;
		};
/* End XCConfigurationList section */
	};
	rootObject = A6B34AC2294F768000D71E82 /* Project object */;
}
